
Microsoft Visual Studio Solution File, Format Version 12.00
# Visual Studio Version 16
VisualStudioVersion = 25.0.1705.5
MinimumVisualStudioVersion = 10.0.40219.1
Project("{FAE04EC0-301F-11D3-BF4B-00C04F79EFBC}") = "AFSPortal", "AFSPortal.csproj", "{44D0D171-04E7-4D28-B698-25058D0E1A99}"
EndProject
Global
	GlobalSection(SolutionConfigurationPlatforms) = preSolution
		Debug|Any CPU = Debug|Any CPU
		Release|Any CPU = Release|Any CPU
	EndGlobalSection
	GlobalSection(ProjectConfigurationPlatforms) = postSolution
		{44D0D171-04E7-4D28-B698-25058D0E1A99}.Debug|Any CPU.ActiveCfg = Debug|Any CPU
		{44D0D171-04E7-4D28-B698-25058D0E1A99}.Debug|Any CPU.Build.0 = Debug|Any CPU
		{44D0D171-04E7-4D28-B698-25058D0E1A99}.Release|Any CPU.ActiveCfg = Release|Any CPU
		{44D0D171-04E7-4D28-B698-25058D0E1A99}.Release|Any CPU.Build.0 = Release|Any CPU
	EndGlobalSection
	GlobalSection(SolutionProperties) = preSolution
		HideSolutionNode = FALSE
	EndGlobalSection
	GlobalSection(ExtensibilityGlobals) = postSolution
		SolutionGuid = {CD204B0E-32DF-4EC1-A99A-7EEBA593C48B}
	EndGlobalSection
EndGlobal
